
Microsoft Visual Studio Solution File, Format Version 12.00
# Visual Studio Version 16
VisualStudioVersion = 16.0.32228.343
MinimumVisualStudioVersion = 10.0.40219.1
Project("{FAE04EC0-301F-11D3-BF4B-00C04F79EFBC}") = "QL_NVL_MonAn", "QL_NVL_MonAn.csproj", "{659854A4-C1A4-4853-A96B-C6FA93D163CD}"
EndProject
Global
	GlobalSection(SolutionConfigurationPlatforms) = preSolution
		Debug|Any CPU = Debug|Any CPU
		Release|Any CPU = Release|Any CPU
	EndGlobalSection
	GlobalSection(ProjectConfigurationPlatforms) = postSolution
		{659854A4-C1A4-4853-A96B-C6FA93D163CD}.Debug|Any CPU.ActiveCfg = Debug|Any CPU
		{659854A4-C1A4-4853-A96B-C6FA93D163CD}.Debug|Any CPU.Build.0 = Debug|Any CPU
		{659854A4-C1A4-4853-A96B-C6FA93D163CD}.Release|Any CPU.ActiveCfg = Release|Any CPU
		{659854A4-C1A4-4853-A96B-C6FA93D163CD}.Release|Any CPU.Build.0 = Release|Any CPU
	EndGlobalSection
	GlobalSection(SolutionProperties) = preSolution
		HideSolutionNode = FALSE
	EndGlobalSection
	GlobalSection(ExtensibilityGlobals) = postSolution
		SolutionGuid = {8E64737B-6540-4CF7-94A6-FED6E0A3EEC5}
	EndGlobalSection
EndGlobal
